
Microsoft Visual Studio Solution File, Format Version 12.00
# Visual Studio Version 16
VisualStudioVersion = 16.0.31019.35
MinimumVisualStudioVersion = 10.0.40219.1
Project("{FAE04EC0-301F-11D3-BF4B-00C04F79EFBC}") = "ATMApp", "ATMApp\ATMApp.csproj", "{7DCF7FB8-0812-4105-84C0-3B5271354BAB}"
EndProject
Global
	GlobalSection(SolutionConfigurationPlatforms) = preSolution
		Debug|Any CPU = Debug|Any CPU
		Release|Any CPU = Release|Any CPU
	EndGlobalSection
	GlobalSection(ProjectConfigurationPlatforms) = postSolution
		{7DCF7FB8-0812-4105-84C0-3B5271354BAB}.Debug|Any CPU.ActiveCfg = Debug|Any CPU
		{7DCF7FB8-0812-4105-84C0-3B5271354BAB}.Debug|Any CPU.Build.0 = Debug|Any CPU
		{7DCF7FB8-0812-4105-84C0-3B5271354BAB}.Release|Any CPU.ActiveCfg = Release|Any CPU
		{7DCF7FB8-0812-4105-84C0-3B5271354BAB}.Release|Any CPU.Build.0 = Release|Any CPU
	EndGlobalSection
	GlobalSection(SolutionProperties) = preSolution
		HideSolutionNode = FALSE
	EndGlobalSection
	GlobalSection(ExtensibilityGlobals) = postSolution
		SolutionGuid = {8C2E6BC4-C5F5-4D4C-AC37-5D89DEEFA659}
	EndGlobalSection
EndGlobal
